
Microsoft Visual Studio Solution File, Format Version 12.00
# Visual Studio Version 16
VisualStudioVersion = 16.0.29609.76
MinimumVisualStudioVersion = 10.0.40219.1
Project("{FAE04EC0-301F-11D3-BF4B-00C04F79EFBC}") = "JVMJuly2023", "JVMJuly2023\JVMJuly2023.csproj", "{11E80C71-E10B-4B68-BB93-6C3EA12A5298}"
EndProject
Global
	GlobalSection(SolutionConfigurationPlatforms) = preSolution
		Debug|Any CPU = Debug|Any CPU
		Release|Any CPU = Release|Any CPU
	EndGlobalSection
	GlobalSection(ProjectConfigurationPlatforms) = postSolution
		{11E80C71-E10B-4B68-BB93-6C3EA12A5298}.Debug|Any CPU.ActiveCfg = Debug|Any CPU
		{11E80C71-E10B-4B68-BB93-6C3EA12A5298}.Debug|Any CPU.Build.0 = Debug|Any CPU
		{11E80C71-E10B-4B68-BB93-6C3EA12A5298}.Release|Any CPU.ActiveCfg = Release|Any CPU
		{11E80C71-E10B-4B68-BB93-6C3EA12A5298}.Release|Any CPU.Build.0 = Release|Any CPU
	EndGlobalSection
	GlobalSection(SolutionProperties) = preSolution
		HideSolutionNode = FALSE
	EndGlobalSection
	GlobalSection(ExtensibilityGlobals) = postSolution
		SolutionGuid = {551697AC-E3A7-4D77-9DBB-DB80073D625C}
	EndGlobalSection
EndGlobal
